
Microsoft Visual Studio Solution File, Format Version 12.00
# Visual Studio Version 17
VisualStudioVersion = 17.3.32901.215
MinimumVisualStudioVersion = 10.0.40219.1
Project("{FAE04EC0-301F-11D3-BF4B-00C04F79EFBC}") = "CombatVehicles", "CombatVehicles\CombatVehicles.csproj", "{6B00A71D-F2E3-4CEC-A9DC-C307E9963644}"
EndProject
Global
	GlobalSection(SolutionConfigurationPlatforms) = preSolution
		Debug|Any CPU = Debug|Any CPU
		Release|Any CPU = Release|Any CPU
	EndGlobalSection
	GlobalSection(ProjectConfigurationPlatforms) = postSolution
		{6B00A71D-F2E3-4CEC-A9DC-C307E9963644}.Debug|Any CPU.ActiveCfg = Debug|Any CPU
		{6B00A71D-F2E3-4CEC-A9DC-C307E9963644}.Debug|Any CPU.Build.0 = Debug|Any CPU
		{6B00A71D-F2E3-4CEC-A9DC-C307E9963644}.Release|Any CPU.ActiveCfg = Release|Any CPU
		{6B00A71D-F2E3-4CEC-A9DC-C307E9963644}.Release|Any CPU.Build.0 = Release|Any CPU
	EndGlobalSection
	GlobalSection(SolutionProperties) = preSolution
		HideSolutionNode = FALSE
	EndGlobalSection
	GlobalSection(ExtensibilityGlobals) = postSolution
		SolutionGuid = {F8472CCE-40EA-4EB6-8FA1-B0FA72FACBEC}
	EndGlobalSection
EndGlobal
